// !$*UTF8*$!
{
	archiveVersion = 1;
	classes = {
	};
	objectVersion = 56;
	objects = {

/* Begin PBXBuildFile section */
		304834FF2AA5F5D7007F834E /* ListViewController.swift in Sources */ = {isa = PBXBuildFile; fileRef = 304834FE2AA5F5D6007F834E /* ListViewController.swift */; };
		307AC0802AA4C1D300C2A01E /* AppDelegate.swift in Sources */ = {isa = PBXBuildFile; fileRef = 307AC07F2AA4C1D300C2A01E /* AppDelegate.swift */; };
		307AC0822AA4C1D300C2A01E /* SceneDelegate.swift in Sources */ = {isa = PBXBuildFile; fileRef = 307AC0812AA4C1D300C2A01E /* SceneDelegate.swift */; };
		307AC0842AA4C1D300C2A01E /* MapsViewController.swift in Sources */ = {isa = PBXBuildFile; fileRef = 307AC0832AA4C1D300C2A01E /* MapsViewController.swift */; };
		307AC0872AA4C1D300C2A01E /* Main.storyboard in Resources */ = {isa = PBXBuildFile; fileRef = 307AC0852AA4C1D300C2A01E /* Main.storyboard */; };
		307AC08A2AA4C1D300C2A01E /* mapApp.xcdatamodeld in Sources */ = {isa = PBXBuildFile; fileRef = 307AC0882AA4C1D300C2A01E /* mapApp.xcdatamodeld */; };
		307AC08C2AA4C1D400C2A01E /* Assets.xcassets in Resources */ = {isa = PBXBuildFile; fileRef = 307AC08B2AA4C1D400C2A01E /* Assets.xcassets */; };
		307AC08F2AA4C1D400C2A01E /* LaunchScreen.storyboard in Resources */ = {isa = PBXBuildFile; fileRef = 307AC08D2AA4C1D400C2A01E /* LaunchScreen.storyboard */; };
/* End PBXBuildFile section */

/* Begin PBXFileReference section */
		304834FE2AA5F5D6007F834E /* ListViewController.swift */ = {isa = PBXFileReference; lastKnownFileType = sourcecode.swift; path = ListViewController.swift; sourceTree = "<group>"; };
		307AC07C2AA4C1D300C2A01E /* mapApp.app */ = {isa = PBXFileReference; explicitFileType = wrapper.application; includeInIndex = 0; path = mapApp.app; sourceTree = BUILT_PRODUCTS_DIR; };
		307AC07F2AA4C1D300C2A01E /* AppDelegate.swift */ = {isa = PBXFileReference; lastKnownFileType = sourcecode.swift; path = AppDelegate.swift; sourceTree = "<group>"; };
		307AC0812AA4C1D300C2A01E /* SceneDelegate.swift */ = {isa = PBXFileReference; lastKnownFileType = sourcecode.swift; path = SceneDelegate.swift; sourceTree = "<group>"; };
		307AC0832AA4C1D300C2A01E /* MapsViewController.swift */ = {isa = PBXFileReference; lastKnownFileType = sourcecode.swift; path = MapsViewController.swift; sourceTree = "<group>"; };
		307AC0862AA4C1D300C2A01E /* Base */ = {isa = PBXFileReference; lastKnownFileType = file.storyboard; name = Base; path = Base.lproj/Main.storyboard; sourceTree = "<group>"; };
		307AC0892AA4C1D300C2A01E /* mapApp.xcdatamodel */ = {isa = PBXFileReference; lastKnownFileType = wrapper.xcdatamodel; path = mapApp.xcdatamodel; sourceTree = "<group>"; };
		307AC08B2AA4C1D400C2A01E /* Assets.xcassets */ = {isa = PBXFileReference; lastKnownFileType = folder.assetcatalog; path = Assets.xcassets; sourceTree = "<group>"; };
		307AC08E2AA4C1D400C2A01E /* Base */ = {isa = PBXFileReference; lastKnownFileType = file.storyboard; name = Base; path = Base.lproj/LaunchScreen.storyboard; sourceTree = "<group>"; };
		307AC0902AA4C1D400C2A01E /* Info.plist */ = {isa = PBXFileReference; lastKnownFileType = text.plist.xml; path = Info.plist; sourceTree = "<group>"; };
/* End PBXFileReference section */

/* Begin PBXFrameworksBuildPhase section */
		307AC0792AA4C1D300C2A01E /* Frameworks */ = {
			isa = PBXFrameworksBuildPhase;
			buildActionMask = 2147483647;
			files = (
			);
			runOnlyForDeploymentPostprocessing = 0;
		};
/* End PBXFrameworksBuildPhase section */

/* Begin PBXGroup section */
		307AC0732AA4C1D300C2A01E = {
			isa = PBXGroup;
			children = (
				307AC07E2AA4C1D300C2A01E /* mapApp */,
				307AC07D2AA4C1D300C2A01E /* Products */,
			);
			sourceTree = "<group>";
		};
		307AC07D2AA4C1D300C2A01E /* Products */ = {
			isa = PBXGroup;
			children = (
				307AC07C2AA4C1D300C2A01E /* mapApp.app */,
			);
			name = Products;
			sourceTree = "<group>";
		};
		307AC07E2AA4C1D300C2A01E /* mapApp */ = {
			isa = PBXGroup;
			children = (
				307AC0962AA4C25400C2A01E /* Controllers */,
				307AC0972AA4C25F00C2A01E /* Views */,
				307AC0982AA4C26900C2A01E /* SupportingFiles */,
			);
			path = mapApp;
			sourceTree = "<group>";
		};
		307AC0962AA4C25400C2A01E /* Controllers */ = {
			isa = PBXGroup;
			children = (
				307AC0832AA4C1D300C2A01E /* MapsViewController.swift */,
				304834FE2AA5F5D6007F834E /* ListViewController.swift */,
			);
			path = Controllers;
			sourceTree = "<group>";
		};
		307AC0972AA4C25F00C2A01E /* Views */ = {
			isa = PBXGroup;
			children = (
				307AC0852AA4C1D300C2A01E /* Main.storyboard */,
			);
			path = Views;
			sourceTree = "<group>";
		};
		307AC0982AA4C26900C2A01E /* SupportingFiles */ = {
			isa = PBXGroup;
			children = (
				307AC07F2AA4C1D300C2A01E /* AppDelegate.swift */,
				307AC0812AA4C1D300C2A01E /* SceneDelegate.swift */,
				307AC08B2AA4C1D400C2A01E /* Assets.xcassets */,
				307AC08D2AA4C1D400C2A01E /* LaunchScreen.storyboard */,
				307AC0902AA4C1D400C2A01E /* Info.plist */,
				307AC0882AA4C1D300C2A01E /* mapApp.xcdatamodeld */,
			);
			path = SupportingFiles;
			sourceTree = "<group>";
		};
/* End PBXGroup section */

/* Begin PBXNativeTarget section */
		307AC07B2AA4C1D300C2A01E /* mapApp */ = {
			isa = PBXNativeTarget;
			buildConfigurationList = 307AC0932AA4C1D400C2A01E /* Build configuration list for PBXNativeTarget "mapApp" */;
			buildPhases = (
				307AC0782AA4C1D300C2A01E /* Sources */,
				307AC0792AA4C1D300C2A01E /* Frameworks */,
				307AC07A2AA4C1D300C2A01E /* Resources */,
			);
			buildRules = (
			);
			dependencies = (
			);
			name = mapApp;
			productName = mapApp;
			productReference = 307AC07C2AA4C1D300C2A01E /* mapApp.app */;
			productType = "com.apple.product-type.application";
		};
/* End PBXNativeTarget section */

/* Begin PBXProject section */
		307AC0742AA4C1D300C2A01E /* Project object */ = {
			isa = PBXProject;
			attributes = {
				BuildIndependentTargetsInParallel = 1;
				LastSwiftUpdateCheck = 1430;
				LastUpgradeCheck = 1430;
				TargetAttributes = {
					307AC07B2AA4C1D300C2A01E = {
						CreatedOnToolsVersion = 14.3.1;
					};
				};
			};
			buildConfigurationList = 307AC0772AA4C1D300C2A01E /* Build configuration list for PBXProject "mapApp" */;
			compatibilityVersion = "Xcode 14.0";
			developmentRegion = en;
			hasScannedForEncodings = 0;
			knownRegions = (
				en,
				Base,
			);
			mainGroup = 307AC0732AA4C1D300C2A01E;
			productRefGroup = 307AC07D2AA4C1D300C2A01E /* Products */;
			projectDirPath = "";
			projectRoot = "";
			targets = (
				307AC07B2AA4C1D300C2A01E /* mapApp */,
			);
		};
/* End PBXProject section */

/* Begin PBXResourcesBuildPhase section */
		307AC07A2AA4C1D300C2A01E /* Resources */ = {
			isa = PBXResourcesBuildPhase;
			buildActionMask = 2147483647;
			files = (
				307AC08F2AA4C1D400C2A01E /* LaunchScreen.storyboard in Resources */,
				307AC08C2AA4C1D400C2A01E /* Assets.xcassets in Resources */,
				307AC0872AA4C1D300C2A01E /* Main.storyboard in Resources */,
			);
			runOnlyForDeploymentPostprocessing = 0;
		};
/* End PBXResourcesBuildPhase section */

/* Begin PBXSourcesBuildPhase section */
		307AC0782AA4C1D300C2A01E /* Sources */ = {
			isa = PBXSourcesBuildPhase;
			buildActionMask = 2147483647;
			files = (
				307AC0842AA4C1D300C2A01E /* MapsViewController.swift in Sources */,
				307AC0802AA4C1D300C2A01E /* AppDelegate.swift in Sources */,
				307AC08A2AA4C1D300C2A01E /* mapApp.xcdatamodeld in Sources */,
				304834FF2AA5F5D7007F834E /* ListViewController.swift in Sources */,
				307AC0822AA4C1D300C2A01E /* SceneDelegate.swift in Sources */,
			);
			runOnlyForDeploymentPostprocessing = 0;
		};
/* End PBXSourcesBuildPhase section */

/* Begin PBXVariantGroup section */
		307AC0852AA4C1D300C2A01E /* Main.storyboard */ = {
			isa = PBXVariantGroup;
			children = (
				307AC0862AA4C1D300C2A01E /* Base */,
			);
			name = Main.storyboard;
			sourceTree = "<group>";
		};
		307AC08D2AA4C1D400C2A01E /* LaunchScreen.storyboard */ = {
			isa = PBXVariantGroup;
			children = (
				307AC08E2AA4C1D400C2A01E /* Base */,
			);
			name = LaunchScreen.storyboard;
			sourceTree = "<group>";
		};
/* End PBXVariantGroup section */

/* Begin XCBuildConfiguration section */
		307AC0912AA4C1D400C2A01E /* Debug */ = {
			isa = XCBuildConfiguration;
			buildSettings = {
				ALWAYS_SEARCH_USER_PATHS = NO;
				CLANG_ANALYZER_NONNULL = YES;
				CLANG_ANALYZER_NUMBER_OBJECT_CONVERSION = YES_AGGRESSIVE;
				CLANG_CXX_LANGUAGE_STANDARD = "gnu++20";
				CLANG_ENABLE_MODULES = YES;
				CLANG_ENABLE_OBJC_ARC = YES;
				CLANG_ENABLE_OBJC_WEAK = YES;
				CLANG_WARN_BLOCK_CAPTURE_AUTORELEASING = YES;
				CLANG_WARN_BOOL_CONVERSION = YES;
				CLANG_WARN_COMMA = YES;
				CLANG_WARN_CONSTANT_CONVERSION = YES;
				CLANG_WARN_DEPRECATED_OBJC_IMPLEMENTATIONS = YES;
				CLANG_WARN_DIRECT_OBJC_ISA_USAGE = YES_ERROR;
				CLANG_WARN_DOCUMENTATION_COMMENTS = YES;
				CLANG_WARN_EMPTY_BODY = YES;
				CLANG_WARN_ENUM_CONVERSION = YES;
				CLANG_WARN_INFINITE_RECURSION = YES;
				CLANG_WARN_INT_CONVERSION = YES;
				CLANG_WARN_NON_LITERAL_NULL_CONVERSION = YES;
				CLANG_WARN_OBJC_IMPLICIT_RETAIN_SELF = YES;
				CLANG_WARN_OBJC_LITERAL_CONVERSION = YES;
				CLANG_WARN_OBJC_ROOT_CLASS = YES_ERROR;
				CLANG_WARN_QUOTED_INCLUDE_IN_FRAMEWORK_HEADER = YES;
				CLANG_WARN_RANGE_LOOP_ANALYSIS = YES;
				CLANG_WARN_STRICT_PROTOTYPES = YES;
				CLANG_WARN_SUSPICIOUS_MOVE = YES;
				CLANG_WARN_UNGUARDED_AVAILABILITY = YES_AGGRESSIVE;
				CLANG_WARN_UNREACHABLE_CODE = YES;
				CLANG_WARN__DUPLICATE_METHOD_MATCH = YES;
				COPY_PHASE_STRIP = NO;
				DEBUG_INFORMATION_FORMAT = dwarf;
				ENABLE_STRICT_OBJC_MSGSEND = YES;
				ENABLE_TESTABILITY = YES;
				GCC_C_LANGUAGE_STANDARD = gnu11;
				GCC_DYNAMIC_NO_PIC = NO;
				GCC_NO_COMMON_BLOCKS = YES;
				GCC_OPTIMIZATION_LEVEL = 0;
				GCC_PREPROCESSOR_DEFINITIONS = (
					"DEBUG=1",
					"$(inherited)",
				);
				GCC_WARN_64_TO_32_BIT_CONVERSION = YES;
				GCC_WARN_ABOUT_RETURN_TYPE = YES_ERROR;
				GCC_WARN_UNDECLARED_SELECTOR = YES;
				GCC_WARN_UNINITIALIZED_AUTOS = YES_AGGRESSIVE;
				GCC_WARN_UNUSED_FUNCTION = YES;
				GCC_WARN_UNUSED_VARIABLE = YES;
				IPHONEOS_DEPLOYMENT_TARGET = 16.4;
				MTL_ENABLE_DEBUG_INFO = INCLUDE_SOURCE;
				MTL_FAST_MATH = YES;
				ONLY_ACTIVE_ARCH = YES;
				SDKROOT = iphoneos;
				SWIFT_ACTIVE_COMPILATION_CONDITIONS = DEBUG;
				SWIFT_OPTIMIZATION_LEVEL = "-Onone";
			};
			name = Debug;
		};
		307AC0922AA4C1D400C2A01E /* Release */ = {
			isa = XCBuildConfiguration;
			buildSettings = {
				ALWAYS_SEARCH_USER_PATHS = NO;
				CLANG_ANALYZER_NONNULL = YES;
				CLANG_ANALYZER_NUMBER_OBJECT_CONVERSION = YES_AGGRESSIVE;
				CLANG_CXX_LANGUAGE_STANDARD = "gnu++20";
				CLANG_ENABLE_MODULES = YES;
				CLANG_ENABLE_OBJC_ARC = YES;
				CLANG_ENABLE_OBJC_WEAK = YES;
				CLANG_WARN_BLOCK_CAPTURE_AUTORELEASING = YES;
				CLANG_WARN_BOOL_CONVERSION = YES;
				CLANG_WARN_COMMA = YES;
				CLANG_WARN_CONSTANT_CONVERSION = YES;
				CLANG_WARN_DEPRECATED_OBJC_IMPLEMENTATIONS = YES;
				CLANG_WARN_DIRECT_OBJC_ISA_USAGE = YES_ERROR;
				CLANG_WARN_DOCUMENTATION_COMMENTS = YES;
				CLANG_WARN_EMPTY_BODY = YES;
				CLANG_WARN_ENUM_CONVERSION = YES;
				CLANG_WARN_INFINITE_RECURSION = YES;
				CLANG_WARN_INT_CONVERSION = YES;
				CLANG_WARN_NON_LITERAL_NULL_CONVERSION = YES;
				CLANG_WARN_OBJC_IMPLICIT_RETAIN_SELF = YES;
				CLANG_WARN_OBJC_LITERAL_CONVERSION = YES;
				CLANG_WARN_OBJC_ROOT_CLASS = YES_ERROR;
				CLANG_WARN_QUOTED_INCLUDE_IN_FRAMEWORK_HEADER = YES;
				CLANG_WARN_RANGE_LOOP_ANALYSIS = YES;
				CLANG_WARN_STRICT_PROTOTYPES = YES;
				CLANG_WARN_SUSPICIOUS_MOVE = YES;
				CLANG_WARN_UNGUARDED_AVAILABILITY = YES_AGGRESSIVE;
				CLANG_WARN_UNREACHABLE_CODE = YES;
				CLANG_WARN__DUPLICATE_METHOD_MATCH = YES;
				COPY_PHASE_STRIP = NO;
				DEBUG_INFORMATION_FORMAT = "dwarf-with-dsym";
				ENABLE_NS_ASSERTIONS = NO;
				ENABLE_STRICT_OBJC_MSGSEND = YES;
				GCC_C_LANGUAGE_STANDARD = gnu11;
				GCC_NO_COMMON_BLOCKS = YES;
				GCC_WARN_64_TO_32_BIT_CONVERSION = YES;
				GCC_WARN_ABOUT_RETURN_TYPE = YES_ERROR;
				GCC_WARN_UNDECLARED_SELECTOR = YES;
				GCC_WARN_UNINITIALIZED_AUTOS = YES_AGGRESSIVE;
				GCC_WARN_UNUSED_FUNCTION = YES;
				GCC_WARN_UNUSED_VARIABLE = YES;
				IPHONEOS_DEPLOYMENT_TARGET = 16.4;
				MTL_ENABLE_DEBUG_INFO = NO;
				MTL_FAST_MATH = YES;
				SDKROOT = iphoneos;
				SWIFT_COMPILATION_MODE = wholemodule;
				SWIFT_OPTIMIZATION_LEVEL = "-O";
				VALIDATE_PRODUCT = YES;
			};
			name = Release;
		};
		307AC0942AA4C1D400C2A01E /* Debug */ = {
			isa = XCBuildConfiguration;
			buildSettings = {
				ASSETCATALOG_COMPILER_APPICON_NAME = AppIcon;
				ASSETCATALOG_COMPILER_GLOBAL_ACCENT_COLOR_NAME = AccentColor;
				CODE_SIGN_STYLE = Automatic;
				CURRENT_PROJECT_VERSION = 1;
				DEVELOPMENT_TEAM = 4CA6D5PFBX;
				GENERATE_INFOPLIST_FILE = YES;
				INFOPLIST_FILE = mapApp/SupportingFiles/Info.plist;
				INFOPLIST_KEY_UIApplicationSupportsIndirectInputEvents = YES;
				INFOPLIST_KEY_UILaunchStoryboardName = LaunchScreen;
				INFOPLIST_KEY_UIMainStoryboardFile = Main;
				INFOPLIST_KEY_UISupportedInterfaceOrientations_iPad = "UIInterfaceOrientationPortrait UIInterfaceOrientationPortraitUpsideDown UIInterfaceOrientationLandscapeLeft UIInterfaceOrientationLandscapeRight";
				INFOPLIST_KEY_UISupportedInterfaceOrientations_iPhone = "UIInterfaceOrientationPortrait UIInterfaceOrientationLandscapeLeft UIInterfaceOrientationLandscapeRight";
				LD_RUNPATH_SEARCH_PATHS = (
					"$(inherited)",
					"@executable_path/Frameworks",
				);
				MARKETING_VERSION = 1.0;
				PRODUCT_BUNDLE_IDENTIFIER = com.burakaydin.mapApp;
				PRODUCT_NAME = "$(TARGET_NAME)";
				SWIFT_EMIT_LOC_STRINGS = YES;
				SWIFT_VERSION = 5.0;
				TARGETED_DEVICE_FAMILY = "1,2";
			};
			name = Debug;
		};
		307AC0952AA4C1D400C2A01E /* Release */ = {
			isa = XCBuildConfiguration;
			buildSettings = {
				ASSETCATALOG_COMPILER_APPICON_NAME = AppIcon;
				ASSETCATALOG_COMPILER_GLOBAL_ACCENT_COLOR_NAME = AccentColor;
				CODE_SIGN_STYLE = Automatic;
				CURRENT_PROJECT_VERSION = 1;
				DEVELOPMENT_TEAM = 4CA6D5PFBX;
				GENERATE_INFOPLIST_FILE = YES;
				INFOPLIST_FILE = mapApp/SupportingFiles/Info.plist;
				INFOPLIST_KEY_UIApplicationSupportsIndirectInputEvents = YES;
				INFOPLIST_KEY_UILaunchStoryboardName = LaunchScreen;
				INFOPLIST_KEY_UIMainStoryboardFile = Main;
				INFOPLIST_KEY_UISupportedInterfaceOrientations_iPad = "UIInterfaceOrientationPortrait UIInterfaceOrientationPortraitUpsideDown UIInterfaceOrientationLandscapeLeft UIInterfaceOrientationLandscapeRight";
				INFOPLIST_KEY_UISupportedInterfaceOrientations_iPhone = "UIInterfaceOrientationPortrait UIInterfaceOrientationLandscapeLeft UIInterfaceOrientationLandscapeRight";
				LD_RUNPATH_SEARCH_PATHS = (
					"$(inherited)",
					"@executable_path/Frameworks",
				);
				MARKETING_VERSION = 1.0;
				PRODUCT_BUNDLE_IDENTIFIER = com.burakaydin.mapApp;
				PRODUCT_NAME = "$(TARGET_NAME)";
				SWIFT_EMIT_LOC_STRINGS = YES;
				SWIFT_VERSION = 5.0;
				TARGETED_DEVICE_FAMILY = "1,2";
			};
			name = Release;
		};
/* End XCBuildConfiguration section */

/* Begin XCConfigurationList section */
		307AC0772AA4C1D300C2A01E /* Build configuration list for PBXProject "mapApp" */ = {
			isa = XCConfigurationList;
			buildConfigurations = (
				307AC0912AA4C1D400C2A01E /* Debug */,
				307AC0922AA4C1D400C2A01E /* Release */,
			);
			defaultConfigurationIsVisible = 0;
			defaultConfigurationName = Release;
		};
		307AC0932AA4C1D400C2A01E /* Build configuration list for PBXNativeTarget "mapApp" */ = {
			isa = XCConfigurationList;
			buildConfigurations = (
				307AC0942AA4C1D400C2A01E /* Debug */,
				307AC0952AA4C1D400C2A01E /* Release */,
			);
			defaultConfigurationIsVisible = 0;
			defaultConfigurationName = Release;
		};
/* End XCConfigurationList section */

/* Begin XCVersionGroup section */
		307AC0882AA4C1D300C2A01E /* mapApp.xcdatamodeld */ = {
			isa = XCVersionGroup;
			children = (
				307AC0892AA4C1D300C2A01E /* mapApp.xcdatamodel */,
			);
			currentVersion = 307AC0892AA4C1D300C2A01E /* mapApp.xcdatamodel */;
			path = mapApp.xcdatamodeld;
			sourceTree = "<group>";
			versionGroupType = wrapper.xcdatamodel;
		};
/* End XCVersionGroup section */
	};
	rootObject = 307AC0742AA4C1D300C2A01E /* Project object */;
}
